// !$*UTF8*$!
{
	archiveVersion = 1;
	classes = {
	};
	objectVersion = 48;
	objects = {

/* Begin PBXBuildFile section */
		556FE82B2019C76E00FCDEC8 /* AppDelegate.swift in Sources */ = {isa = PBXBuildFile; fileRef = 556FE82A2019C76E00FCDEC8 /* AppDelegate.swift */; };
		556FE8302019C76E00FCDEC8 /* Main.storyboard in Resources */ = {isa = PBXBuildFile; fileRef = 556FE82E2019C76E00FCDEC8 /* Main.storyboard */; };
		556FE8322019C76E00FCDEC8 /* Assets.xcassets in Resources */ = {isa = PBXBuildFile; fileRef = 556FE8312019C76E00FCDEC8 /* Assets.xcassets */; };
		556FE8352019C76E00FCDEC8 /* LaunchScreen.storyboard in Resources */ = {isa = PBXBuildFile; fileRef = 556FE8332019C76E00FCDEC8 /* LaunchScreen.storyboard */; };
		556FE83F2019C8C900FCDEC8 /* FwqViewController.swift in Sources */ = {isa = PBXBuildFile; fileRef = 556FE83E2019C8C900FCDEC8 /* FwqViewController.swift */; };
/* End PBXBuildFile section */

/* Begin PBXFileReference section */
		556FE8272019C76E00FCDEC8 /* Girlfriend.app */ = {isa = PBXFileReference; explicitFileType = wrapper.application; includeInIndex = 0; path = Girlfriend.app; sourceTree = BUILT_PRODUCTS_DIR; };
		556FE82A2019C76E00FCDEC8 /* AppDelegate.swift */ = {isa = PBXFileReference; lastKnownFileType = sourcecode.swift; path = AppDelegate.swift; sourceTree = "<group>"; };
		556FE82F2019C76E00FCDEC8 /* Base */ = {isa = PBXFileReference; lastKnownFileType = file.storyboard; name = Base; path = Base.lproj/Main.storyboard; sourceTree = "<group>"; };
		556FE8312019C76E00FCDEC8 /* Assets.xcassets */ = {isa = PBXFileReference; lastKnownFileType = folder.assetcatalog; path = Assets.xcassets; sourceTree = "<group>"; };
		556FE8342019C76E00FCDEC8 /* Base */ = {isa = PBXFileReference; lastKnownFileType = file.storyboard; name = Base; path = Base.lproj/LaunchScreen.storyboard; sourceTree = "<group>"; };
		556FE8362019C76E00FCDEC8 /* Info.plist */ = {isa = PBXFileReference; lastKnownFileType = text.plist.xml; path = Info.plist; sourceTree = "<group>"; };
		556FE83E2019C8C900FCDEC8 /* FwqViewController.swift */ = {isa = PBXFileReference; lastKnownFileType = sourcecode.swift; path = FwqViewController.swift; sourceTree = "<group>"; };
/* End PBXFileReference section */

/* Begin PBXFrameworksBuildPhase section */
		556FE8242019C76E00FCDEC8 /* Frameworks */ = {
			isa = PBXFrameworksBuildPhase;
			buildActionMask = 2147483647;
			files = (
			);
			runOnlyForDeploymentPostprocessing = 0;
		};
/* End PBXFrameworksBuildPhase section */

/* Begin PBXGroup section */
		556FE81E2019C76E00FCDEC8 = {
			isa = PBXGroup;
			children = (
				556FE8292019C76E00FCDEC8 /* Girlfriend */,
				556FE8282019C76E00FCDEC8 /* Products */,
			);
			sourceTree = "<group>";
		};
		556FE8282019C76E00FCDEC8 /* Products */ = {
			isa = PBXGroup;
			children = (
				556FE8272019C76E00FCDEC8 /* Girlfriend.app */,
			);
			name = Products;
			sourceTree = "<group>";
		};
		556FE8292019C76E00FCDEC8 /* Girlfriend */ = {
			isa = PBXGroup;
			children = (
				556FE82A2019C76E00FCDEC8 /* AppDelegate.swift */,
				556FE83E2019C8C900FCDEC8 /* FwqViewController.swift */,
				556FE82E2019C76E00FCDEC8 /* Main.storyboard */,
				556FE8312019C76E00FCDEC8 /* Assets.xcassets */,
				556FE8332019C76E00FCDEC8 /* LaunchScreen.storyboard */,
				556FE8362019C76E00FCDEC8 /* Info.plist */,
			);
			path = Girlfriend;
			sourceTree = "<group>";
		};
/* End PBXGroup section */

/* Begin PBXNativeTarget section */
		556FE8262019C76E00FCDEC8 /* Girlfriend */ = {
			isa = PBXNativeTarget;
			buildConfigurationList = 556FE8392019C76E00FCDEC8 /* Build configuration list for PBXNativeTarget "Girlfriend" */;
			buildPhases = (
				556FE8232019C76E00FCDEC8 /* Sources */,
				556FE8242019C76E00FCDEC8 /* Frameworks */,
				556FE8252019C76E00FCDEC8 /* Resources */,
			);
			buildRules = (
			);
			dependencies = (
			);
			name = Girlfriend;
			productName = Girlfriend;
			productReference = 556FE8272019C76E00FCDEC8 /* Girlfriend.app */;
			productType = "com.apple.product-type.application";
		};
/* End PBXNativeTarget section */

/* Begin PBXProject section */
		556FE81F2019C76E00FCDEC8 /* Project object */ = {
			isa = PBXProject;
			attributes = {
				LastSwiftUpdateCheck = 0920;
				LastUpgradeCheck = 0920;
				ORGANIZATIONNAME = grylls;
				TargetAttributes = {
					556FE8262019C76E00FCDEC8 = {
						CreatedOnToolsVersion = 9.2;
						ProvisioningStyle = Automatic;
					};
				};
			};
			buildConfigurationList = 556FE8222019C76E00FCDEC8 /* Build configuration list for PBXProject "Girlfriend" */;
			compatibilityVersion = "Xcode 8.0";
			developmentRegion = en;
			hasScannedForEncodings = 0;
			knownRegions = (
				en,
				Base,
			);
			mainGroup = 556FE81E2019C76E00FCDEC8;
			productRefGroup = 556FE8282019C76E00FCDEC8 /* Products */;
			projectDirPath = "";
			projectRoot = "";
			targets = (
				556FE8262019C76E00FCDEC8 /* Girlfriend */,
			);
		};
/* End PBXProject section */

/* Begin PBXResourcesBuildPhase section */
		556FE8252019C76E00FCDEC8 /* Resources */ = {
			isa = PBXResourcesBuildPhase;
			buildActionMask = 2147483647;
			files = (
				556FE8352019C76E00FCDEC8 /* LaunchScreen.storyboard in Resources */,
				556FE8322019C76E00FCDEC8 /* Assets.xcassets in Resources */,
				556FE8302019C76E00FCDEC8 /* Main.storyboard in Resources */,
			);
			runOnlyForDeploymentPostprocessing = 0;
		};
/* End PBXResourcesBuildPhase section */

/* Begin PBXSourcesBuildPhase section */
		556FE8232019C76E00FCDEC8 /* Sources */ = {
			isa = PBXSourcesBuildPhase;
			buildActionMask = 2147483647;
			files = (
				556FE83F2019C8C900FCDEC8 /* FwqViewController.swift in Sources */,
				556FE82B2019C76E00FCDEC8 /* AppDelegate.swift in Sources */,
			);
			runOnlyForDeploymentPostprocessing = 0;
		};
/* End PBXSourcesBuildPhase section */

/* Begin PBXVariantGroup section */
		556FE82E2019C76E00FCDEC8 /* Main.storyboard */ = {
			isa = PBXVariantGroup;
			children = (
				556FE82F2019C76E00FCDEC8 /* Base */,
			);
			name = Main.storyboard;
			sourceTree = "<group>";
		};
		556FE8332019C76E00FCDEC8 /* LaunchScreen.storyboard */ = {
			isa = PBXVariantGroup;
			children = (
				556FE8342019C76E00FCDEC8 /* Base */,
			);
			name = LaunchScreen.storyboard;
			sourceTree = "<group>";
		};
/* End PBXVariantGroup section */

/* Begin XCBuildConfiguration section */
		556FE8372019C76E00FCDEC8 /* Debug */ = {
			isa = XCBuildConfiguration;
			buildSettings = {
				ALWAYS_SEARCH_USER_PATHS = NO;
				CLANG_ANALYZER_NONNULL = YES;
				CLANG_ANALYZER_NUMBER_OBJECT_CONVERSION = YES_AGGRESSIVE;
				CLANG_CXX_LANGUAGE_STANDARD = "gnu++14";
				CLANG_CXX_LIBRARY = "libc++";
				CLANG_ENABLE_MODULES = YES;
				CLANG_ENABLE_OBJC_ARC = YES;
				CLANG_WARN_BLOCK_CAPTURE_AUTORELEASING = YES;
				CLANG_WARN_BOOL_CONVERSION = YES;
				CLANG_WARN_COMMA = YES;
				CLANG_WARN_CONSTANT_CONVERSION = YES;
				CLANG_WARN_DIRECT_OBJC_ISA_USAGE = YES_ERROR;
				CLANG_WARN_DOCUMENTATION_COMMENTS = YES;
				CLANG_WARN_EMPTY_BODY = YES;
				CLANG_WARN_ENUM_CONVERSION = YES;
				CLANG_WARN_INFINITE_RECURSION = YES;
				CLANG_WARN_INT_CONVERSION = YES;
				CLANG_WARN_NON_LITERAL_NULL_CONVERSION = YES;
				CLANG_WARN_OBJC_LITERAL_CONVERSION = YES;
				CLANG_WARN_OBJC_ROOT_CLASS = YES_ERROR;
				CLANG_WARN_RANGE_LOOP_ANALYSIS = YES;
				CLANG_WARN_STRICT_PROTOTYPES = YES;
				CLANG_WARN_SUSPICIOUS_MOVE = YES;
				CLANG_WARN_UNGUARDED_AVAILABILITY = YES_AGGRESSIVE;
				CLANG_WARN_UNREACHABLE_CODE = YES;
				CLANG_WARN__DUPLICATE_METHOD_MATCH = YES;
				CODE_SIGN_IDENTITY = "iPhone Developer";
				COPY_PHASE_STRIP = NO;
				DEBUG_INFORMATION_FORMAT = dwarf;
				ENABLE_STRICT_OBJC_MSGSEND = YES;
				ENABLE_TESTABILITY = YES;
				GCC_C_LANGUAGE_STANDARD = gnu11;
				GCC_DYNAMIC_NO_PIC = NO;
				GCC_NO_COMMON_BLOCKS = YES;
				GCC_OPTIMIZATION_LEVEL = 0;
				GCC_PREPROCESSOR_DEFINITIONS = (
					"DEBUG=1",
					"$(inherited)",
				);
				GCC_WARN_64_TO_32_BIT_CONVERSION = YES;
				GCC_WARN_ABOUT_RETURN_TYPE = YES_ERROR;
				GCC_WARN_UNDECLARED_SELECTOR = YES;
				GCC_WARN_UNINITIALIZED_AUTOS = YES_AGGRESSIVE;
				GCC_WARN_UNUSED_FUNCTION = YES;
				GCC_WARN_UNUSED_VARIABLE = YES;
				IPHONEOS_DEPLOYMENT_TARGET = 11.2;
				MTL_ENABLE_DEBUG_INFO = YES;
				ONLY_ACTIVE_ARCH = YES;
				SDKROOT = iphoneos;
				SWIFT_ACTIVE_COMPILATION_CONDITIONS = DEBUG;
				SWIFT_OPTIMIZATION_LEVEL = "-Onone";
			};
			name = Debug;
		};
		556FE8382019C76E00FCDEC8 /* Release */ = {
			isa = XCBuildConfiguration;
			buildSettings = {
				ALWAYS_SEARCH_USER_PATHS = NO;
				CLANG_ANALYZER_NONNULL = YES;
				CLANG_ANALYZER_NUMBER_OBJECT_CONVERSION = YES_AGGRESSIVE;
				CLANG_CXX_LANGUAGE_STANDARD = "gnu++14";
				CLANG_CXX_LIBRARY = "libc++";
				CLANG_ENABLE_MODULES = YES;
				CLANG_ENABLE_OBJC_ARC = YES;
				CLANG_WARN_BLOCK_CAPTURE_AUTORELEASING = YES;
				CLANG_WARN_BOOL_CONVERSION = YES;
				CLANG_WARN_COMMA = YES;
				CLANG_WARN_CONSTANT_CONVERSION = YES;
				CLANG_WARN_DIRECT_OBJC_ISA_USAGE = YES_ERROR;
				CLANG_WARN_DOCUMENTATION_COMMENTS = YES;
				CLANG_WARN_EMPTY_BODY = YES;
				CLANG_WARN_ENUM_CONVERSION = YES;
				CLANG_WARN_INFINITE_RECURSION = YES;
				CLANG_WARN_INT_CONVERSION = YES;
				CLANG_WARN_NON_LITERAL_NULL_CONVERSION = YES;
				CLANG_WARN_OBJC_LITERAL_CONVERSION = YES;
				CLANG_WARN_OBJC_ROOT_CLASS = YES_ERROR;
				CLANG_WARN_RANGE_LOOP_ANALYSIS = YES;
				CLANG_WARN_STRICT_PROTOTYPES = YES;
				CLANG_WARN_SUSPICIOUS_MOVE = YES;
				CLANG_WARN_UNGUARDED_AVAILABILITY = YES_AGGRESSIVE;
				CLANG_WARN_UNREACHABLE_CODE = YES;
				CLANG_WARN__DUPLICATE_METHOD_MATCH = YES;
				CODE_SIGN_IDENTITY = "iPhone Developer";
				COPY_PHASE_STRIP = NO;
				DEBUG_INFORMATION_FORMAT = "dwarf-with-dsym";
				ENABLE_NS_ASSERTIONS = NO;
				ENABLE_STRICT_OBJC_MSGSEND = YES;
				GCC_C_LANGUAGE_STANDARD = gnu11;
				GCC_NO_COMMON_BLOCKS = YES;
				GCC_WARN_64_TO_32_BIT_CONVERSION = YES;
				GCC_WARN_ABOUT_RETURN_TYPE = YES_ERROR;
				GCC_WARN_UNDECLARED_SELECTOR = YES;
				GCC_WARN_UNINITIALIZED_AUTOS = YES_AGGRESSIVE;
				GCC_WARN_UNUSED_FUNCTION = YES;
				GCC_WARN_UNUSED_VARIABLE = YES;
				IPHONEOS_DEPLOYMENT_TARGET = 11.2;
				MTL_ENABLE_DEBUG_INFO = NO;
				SDKROOT = iphoneos;
				SWIFT_OPTIMIZATION_LEVEL = "-Owholemodule";
				VALIDATE_PRODUCT = YES;
			};
			name = Release;
		};
		556FE83A2019C76E00FCDEC8 /* Debug */ = {
			isa = XCBuildConfiguration;
			buildSettings = {
				ASSETCATALOG_COMPILER_APPICON_NAME = AppIcon;
				CODE_SIGN_STYLE = Automatic;
				DEVELOPMENT_TEAM = UW899B2YFC;
				INFOPLIST_FILE = Girlfriend/Info.plist;
				IPHONEOS_DEPLOYMENT_TARGET = 11.0;
				LD_RUNPATH_SEARCH_PATHS = "$(inherited) @executable_path/Frameworks";
				PRODUCT_BUNDLE_IDENTIFIER = fwq.com.Girlfriend;
				PRODUCT_NAME = "$(TARGET_NAME)";
				SWIFT_VERSION = 4.0;
				TARGETED_DEVICE_FAMILY = "1,2";
			};
			name = Debug;
		};
		556FE83B2019C76E00FCDEC8 /* Release */ = {
			isa = XCBuildConfiguration;
			buildSettings = {
				ASSETCATALOG_COMPILER_APPICON_NAME = AppIcon;
				CODE_SIGN_STYLE = Automatic;
				DEVELOPMENT_TEAM = UW899B2YFC;
				INFOPLIST_FILE = Girlfriend/Info.plist;
				IPHONEOS_DEPLOYMENT_TARGET = 11.0;
				LD_RUNPATH_SEARCH_PATHS = "$(inherited) @executable_path/Frameworks";
				PRODUCT_BUNDLE_IDENTIFIER = fwq.com.Girlfriend;
				PRODUCT_NAME = "$(TARGET_NAME)";
				SWIFT_VERSION = 4.0;
				TARGETED_DEVICE_FAMILY = "1,2";
			};
			name = Release;
		};
/* End XCBuildConfiguration section */

/* Begin XCConfigurationList section */
		556FE8222019C76E00FCDEC8 /* Build configuration list for PBXProject "Girlfriend" */ = {
			isa = XCConfigurationList;
			buildConfigurations = (
				556FE8372019C76E00FCDEC8 /* Debug */,
				556FE8382019C76E00FCDEC8 /* Release */,
			);
			defaultConfigurationIsVisible = 0;
			defaultConfigurationName = Release;
		};
		556FE8392019C76E00FCDEC8 /* Build configuration list for PBXNativeTarget "Girlfriend" */ = {
			isa = XCConfigurationList;
			buildConfigurations = (
				556FE83A2019C76E00FCDEC8 /* Debug */,
				556FE83B2019C76E00FCDEC8 /* Release */,
			);
			defaultConfigurationIsVisible = 0;
			defaultConfigurationName = Release;
		};
/* End XCConfigurationList section */
	};
	rootObject = 556FE81F2019C76E00FCDEC8 /* Project object */;
}
